
Microsoft Visual Studio Solution File, Format Version 12.00
# Visual Studio Version 17
VisualStudioVersion = 17.5.33530.505
MinimumVisualStudioVersion = 10.0.40219.1
Project("{FAE04EC0-301F-11D3-BF4B-00C04F79EFBC}") = "Master_Details", "Master_Details\Master_Details.csproj", "{955196E7-F613-46E4-8D96-C4BE9E0C6C07}"
EndProject
Global
	GlobalSection(SolutionConfigurationPlatforms) = preSolution
		Debug|Any CPU = Debug|Any CPU
		Release|Any CPU = Release|Any CPU
	EndGlobalSection
	GlobalSection(ProjectConfigurationPlatforms) = postSolution
		{955196E7-F613-46E4-8D96-C4BE9E0C6C07}.Debug|Any CPU.ActiveCfg = Debug|Any CPU
		{955196E7-F613-46E4-8D96-C4BE9E0C6C07}.Debug|Any CPU.Build.0 = Debug|Any CPU
		{955196E7-F613-46E4-8D96-C4BE9E0C6C07}.Release|Any CPU.ActiveCfg = Release|Any CPU
		{955196E7-F613-46E4-8D96-C4BE9E0C6C07}.Release|Any CPU.Build.0 = Release|Any CPU
	EndGlobalSection
	GlobalSection(SolutionProperties) = preSolution
		HideSolutionNode = FALSE
	EndGlobalSection
	GlobalSection(ExtensibilityGlobals) = postSolution
		SolutionGuid = {47BEB9C6-54CF-40BB-8235-1D9A12B5E33D}
	EndGlobalSection
EndGlobal
