
Microsoft Visual Studio Solution File, Format Version 12.00
# Visual Studio Version 17
VisualStudioVersion = 17.3.32929.385
MinimumVisualStudioVersion = 10.0.40219.1
Project("{FAE04EC0-301F-11D3-BF4B-00C04F79EFBC}") = "Students_Mangmaent_With_Repostory_patten", "Students_Mangmaent_With_Repostory_patten\Students_Mangmaent_With_Repostory_patten.csproj", "{B4C5DC17-8215-463A-B147-7AC9ADAC7F12}"
EndProject
Global
	GlobalSection(SolutionConfigurationPlatforms) = preSolution
		Debug|Any CPU = Debug|Any CPU
		Release|Any CPU = Release|Any CPU
	EndGlobalSection
	GlobalSection(ProjectConfigurationPlatforms) = postSolution
		{B4C5DC17-8215-463A-B147-7AC9ADAC7F12}.Debug|Any CPU.ActiveCfg = Debug|Any CPU
		{B4C5DC17-8215-463A-B147-7AC9ADAC7F12}.Debug|Any CPU.Build.0 = Debug|Any CPU
		{B4C5DC17-8215-463A-B147-7AC9ADAC7F12}.Release|Any CPU.ActiveCfg = Release|Any CPU
		{B4C5DC17-8215-463A-B147-7AC9ADAC7F12}.Release|Any CPU.Build.0 = Release|Any CPU
	EndGlobalSection
	GlobalSection(SolutionProperties) = preSolution
		HideSolutionNode = FALSE
	EndGlobalSection
	GlobalSection(ExtensibilityGlobals) = postSolution
		SolutionGuid = {82D08F92-9FBF-43F5-9E52-E8FC29FAA319}
	EndGlobalSection
EndGlobal
