
Microsoft Visual Studio Solution File, Format Version 12.00
# Visual Studio Version 17
VisualStudioVersion = 17.5.33530.505
MinimumVisualStudioVersion = 10.0.40219.1
Project("{FAE04EC0-301F-11D3-BF4B-00C04F79EFBC}") = "Master_Details_JQure", "Master_Details_JQure\Master_Details_JQure.csproj", "{1F4C2F42-E1A7-4420-9D88-052A097D406D}"
EndProject
Global
	GlobalSection(SolutionConfigurationPlatforms) = preSolution
		Debug|Any CPU = Debug|Any CPU
		Release|Any CPU = Release|Any CPU
	EndGlobalSection
	GlobalSection(ProjectConfigurationPlatforms) = postSolution
		{1F4C2F42-E1A7-4420-9D88-052A097D406D}.Debug|Any CPU.ActiveCfg = Debug|Any CPU
		{1F4C2F42-E1A7-4420-9D88-052A097D406D}.Debug|Any CPU.Build.0 = Debug|Any CPU
		{1F4C2F42-E1A7-4420-9D88-052A097D406D}.Release|Any CPU.ActiveCfg = Release|Any CPU
		{1F4C2F42-E1A7-4420-9D88-052A097D406D}.Release|Any CPU.Build.0 = Release|Any CPU
	EndGlobalSection
	GlobalSection(SolutionProperties) = preSolution
		HideSolutionNode = FALSE
	EndGlobalSection
	GlobalSection(ExtensibilityGlobals) = postSolution
		SolutionGuid = {07C55874-72F6-4B30-AE53-DEA37850CBEC}
	EndGlobalSection
EndGlobal
