
Microsoft Visual Studio Solution File, Format Version 12.00
# Visual Studio Version 17
VisualStudioVersion = 17.5.33530.505
MinimumVisualStudioVersion = 10.0.40219.1
Project("{FAE04EC0-301F-11D3-BF4B-00C04F79EFBC}") = "jQuery_Ajax_CRUD", "jQuery_Ajax_CRUD\jQuery_Ajax_CRUD.csproj", "{D47F9E82-E734-4EEA-939E-55587181E362}"
EndProject
Global
	GlobalSection(SolutionConfigurationPlatforms) = preSolution
		Debug|Any CPU = Debug|Any CPU
		Release|Any CPU = Release|Any CPU
	EndGlobalSection
	GlobalSection(ProjectConfigurationPlatforms) = postSolution
		{D47F9E82-E734-4EEA-939E-55587181E362}.Debug|Any CPU.ActiveCfg = Debug|Any CPU
		{D47F9E82-E734-4EEA-939E-55587181E362}.Debug|Any CPU.Build.0 = Debug|Any CPU
		{D47F9E82-E734-4EEA-939E-55587181E362}.Release|Any CPU.ActiveCfg = Release|Any CPU
		{D47F9E82-E734-4EEA-939E-55587181E362}.Release|Any CPU.Build.0 = Release|Any CPU
	EndGlobalSection
	GlobalSection(SolutionProperties) = preSolution
		HideSolutionNode = FALSE
	EndGlobalSection
	GlobalSection(ExtensibilityGlobals) = postSolution
		SolutionGuid = {5E0C7E95-3AEB-49ED-85F6-933DE50F66C1}
	EndGlobalSection
EndGlobal
